
Microsoft Visual Studio Solution File, Format Version 12.00
# Visual Studio Version 16
VisualStudioVersion = 16.0.30717.126
MinimumVisualStudioVersion = 10.0.40219.1
Project("{9A19103F-16F7-4668-BE54-9A1E7A4F7556}") = "Common.Data", "src\Common.Data\Common.Data.csproj", "{CCF270B6-6081-438E-91F2-6A9C219882C2}"
EndProject
Project("{9A19103F-16F7-4668-BE54-9A1E7A4F7556}") = "Communication.Database", "src\Communication.Database\Communication.Database.csproj", "{6C05551E-D912-41EB-9D29-749234374E55}"
EndProject
Project("{9A19103F-16F7-4668-BE54-9A1E7A4F7556}") = "Business.User", "src\Business.User\Business.User.csproj", "{071D3ACE-4BE7-4C74-9EEF-46B39D2B4F40}"
EndProject
Project("{9A19103F-16F7-4668-BE54-9A1E7A4F7556}") = "Business.Hash", "src\Business.Hash\Business.Hash.csproj", "{4A685BB8-D1FB-4A2B-BB5A-D6B6CB5CF377}"
EndProject
Project("{9A19103F-16F7-4668-BE54-9A1E7A4F7556}") = "Web.Api", "src\Web.Api\Web.Api.csproj", "{977438C9-B112-4BC6-AD6F-C58789740552}"
EndProject
Global
	GlobalSection(SolutionConfigurationPlatforms) = preSolution
		Debug|Any CPU = Debug|Any CPU
		Release|Any CPU = Release|Any CPU
	EndGlobalSection
	GlobalSection(ProjectConfigurationPlatforms) = postSolution
		{CCF270B6-6081-438E-91F2-6A9C219882C2}.Debug|Any CPU.ActiveCfg = Debug|Any CPU
		{CCF270B6-6081-438E-91F2-6A9C219882C2}.Debug|Any CPU.Build.0 = Debug|Any CPU
		{CCF270B6-6081-438E-91F2-6A9C219882C2}.Release|Any CPU.ActiveCfg = Release|Any CPU
		{CCF270B6-6081-438E-91F2-6A9C219882C2}.Release|Any CPU.Build.0 = Release|Any CPU
		{6C05551E-D912-41EB-9D29-749234374E55}.Debug|Any CPU.ActiveCfg = Debug|Any CPU
		{6C05551E-D912-41EB-9D29-749234374E55}.Debug|Any CPU.Build.0 = Debug|Any CPU
		{6C05551E-D912-41EB-9D29-749234374E55}.Release|Any CPU.ActiveCfg = Release|Any CPU
		{6C05551E-D912-41EB-9D29-749234374E55}.Release|Any CPU.Build.0 = Release|Any CPU
		{071D3ACE-4BE7-4C74-9EEF-46B39D2B4F40}.Debug|Any CPU.ActiveCfg = Debug|Any CPU
		{071D3ACE-4BE7-4C74-9EEF-46B39D2B4F40}.Debug|Any CPU.Build.0 = Debug|Any CPU
		{071D3ACE-4BE7-4C74-9EEF-46B39D2B4F40}.Release|Any CPU.ActiveCfg = Release|Any CPU
		{071D3ACE-4BE7-4C74-9EEF-46B39D2B4F40}.Release|Any CPU.Build.0 = Release|Any CPU
		{4A685BB8-D1FB-4A2B-BB5A-D6B6CB5CF377}.Debug|Any CPU.ActiveCfg = Debug|Any CPU
		{4A685BB8-D1FB-4A2B-BB5A-D6B6CB5CF377}.Debug|Any CPU.Build.0 = Debug|Any CPU
		{4A685BB8-D1FB-4A2B-BB5A-D6B6CB5CF377}.Release|Any CPU.ActiveCfg = Release|Any CPU
		{4A685BB8-D1FB-4A2B-BB5A-D6B6CB5CF377}.Release|Any CPU.Build.0 = Release|Any CPU
		{977438C9-B112-4BC6-AD6F-C58789740552}.Debug|Any CPU.ActiveCfg = Debug|Any CPU
		{977438C9-B112-4BC6-AD6F-C58789740552}.Debug|Any CPU.Build.0 = Debug|Any CPU
		{977438C9-B112-4BC6-AD6F-C58789740552}.Release|Any CPU.ActiveCfg = Release|Any CPU
		{977438C9-B112-4BC6-AD6F-C58789740552}.Release|Any CPU.Build.0 = Release|Any CPU
	EndGlobalSection
	GlobalSection(SolutionProperties) = preSolution
		HideSolutionNode = FALSE
	EndGlobalSection
	GlobalSection(ExtensibilityGlobals) = postSolution
		SolutionGuid = {C2AA9D12-C6C5-4FDD-80F1-87DEDF1B534E}
	EndGlobalSection
EndGlobal
